{
  "name": "astn-unmarshall-lib",
  "version": "0.4.0",
  "lockfileVersion": 2,
  "requires": true,
  "packages": {
    "": {
      "name": "astn-unmarshall-lib",
      "version": "0.4.0",
      "license": "ISC",
      "dependencies": {
        "astn-handlers-api": "^0.4.0",
        "astn-typedtreehandler-api": "^0.6.0",
        "astn-unmarshall-api": "^0.4.0",
        "pareto-runtime": "^0.22.0"
      }
    },
    "node_modules/astn-handlers-api": {
      "version": "0.4.0",
      "resolved": "https://registry.npmjs.org/astn-handlers-api/-/astn-handlers-api-0.4.0.tgz",
      "integrity": "sha512-oe0Q34hNMm3l311UmgpV7YvdFMDKxq3ToTHcORZtHBx3hc1N2DmBwBu9H/+IxHaEGP0yNnrLqf0Yb4LkTna+ng==",
      "dependencies": {
        "astn-tokenconsumer-api": "^0.2.0"
      }
    },
    "node_modules/astn-parser-api": {
      "version": "0.3.0",
      "resolved": "https://registry.npmjs.org/astn-parser-api/-/astn-parser-api-0.3.0.tgz",
      "integrity": "sha512-Ioe1HklKzQC7pqJzcHm0ApWQJy5HMMWaRZS73AT16D/Vaip7D5uAEK9gqWWP2Sm9ovWn2BC3RaglmKzVyAo50A=="
    },
    "node_modules/astn-tokenconsumer-api": {
      "version": "0.2.0",
      "resolved": "https://registry.npmjs.org/astn-tokenconsumer-api/-/astn-tokenconsumer-api-0.2.0.tgz",
      "integrity": "sha512-+E7F05pLlLXWUmIWE+IvUlTZMjN89SBDcrtihVDW5BbPGWNijiw/NkbkLiuzL8Pn5d4r4g1aFF9PlXZ+s96iSw=="
    },
    "node_modules/astn-typedtreehandler-api": {
      "version": "0.6.0",
      "resolved": "https://registry.npmjs.org/astn-typedtreehandler-api/-/astn-typedtreehandler-api-0.6.0.tgz",
      "integrity": "sha512-leQjR2YWR+3KTlach4KU+ps8lrBJiI8lsOzvKwyAR6wr3UJjWfWgT1dkem0srYPYcdJbQtFU+IYz/6/lmWMP7A==",
      "dependencies": {
        "astn-handlers-api": "^0.2.1",
        "astn-parser-api": "^0.3.0",
        "pareto-lang-api": "^0.1.1",
        "pareto-runtime": "^0.22.0"
      }
    },
    "node_modules/astn-typedtreehandler-api/node_modules/astn-handlers-api": {
      "version": "0.2.1",
      "resolved": "https://registry.npmjs.org/astn-handlers-api/-/astn-handlers-api-0.2.1.tgz",
      "integrity": "sha512-tCk1pR4u7D3bb66PvV0kRxbEDIGhZH6gO9LnKJJ8Qu/liLVxHA6CLW4+L0+9LX2Ou/gpwJkzQmAZSPt8C65ung==",
      "dependencies": {
        "astn-parser-api": "^0.3.0"
      }
    },
    "node_modules/astn-unmarshall-api": {
      "version": "0.4.0",
      "resolved": "https://registry.npmjs.org/astn-unmarshall-api/-/astn-unmarshall-api-0.4.0.tgz",
      "integrity": "sha512-ii6VS40y0bg7cdeCU4Air2EVyaVsh7xYEFuRgMr0m7BBuTIB1rfVq2CohZT2N8kHbkSJKQhTQ5COwdwoleZC1w==",
      "dependencies": {
        "astn-handlers-api": "^0.2.1",
        "astn-typedtreehandler-api": "^0.6.0",
        "pareto-runtime": "^0.22.0"
      }
    },
    "node_modules/astn-unmarshall-api/node_modules/astn-handlers-api": {
      "version": "0.2.1",
      "resolved": "https://registry.npmjs.org/astn-handlers-api/-/astn-handlers-api-0.2.1.tgz",
      "integrity": "sha512-tCk1pR4u7D3bb66PvV0kRxbEDIGhZH6gO9LnKJJ8Qu/liLVxHA6CLW4+L0+9LX2Ou/gpwJkzQmAZSPt8C65ung==",
      "dependencies": {
        "astn-parser-api": "^0.3.0"
      }
    },
    "node_modules/pareto-lang-api": {
      "version": "0.1.1",
      "resolved": "https://registry.npmjs.org/pareto-lang-api/-/pareto-lang-api-0.1.1.tgz",
      "integrity": "sha512-tpUHFvbaPpdeGxCLgfOMPnA0Fm6+pOjgBjrIy1nOl8sDcIl+BFbJ7/3pT6e7H7g5Z4+dTdX7sUCoV+9LAvLERQ=="
    },
    "node_modules/pareto-runtime": {
      "version": "0.22.0",
      "resolved": "https://registry.npmjs.org/pareto-runtime/-/pareto-runtime-0.22.0.tgz",
      "integrity": "sha512-v4T0pCv+ARIKntB7ZjKqqXBmLDbMzhrMFP4XODpF7DkELWJina/DAr/UVuMYwnz32QN7O9AHunsCVnHOOcKfHQ=="
    }
  },
  "dependencies": {
    "astn-handlers-api": {
      "version": "0.4.0",
      "resolved": "https://registry.npmjs.org/astn-handlers-api/-/astn-handlers-api-0.4.0.tgz",
      "integrity": "sha512-oe0Q34hNMm3l311UmgpV7YvdFMDKxq3ToTHcORZtHBx3hc1N2DmBwBu9H/+IxHaEGP0yNnrLqf0Yb4LkTna+ng==",
      "requires": {
        "astn-tokenconsumer-api": "^0.2.0"
      }
    },
    "astn-parser-api": {
      "version": "0.3.0",
      "resolved": "https://registry.npmjs.org/astn-parser-api/-/astn-parser-api-0.3.0.tgz",
      "integrity": "sha512-Ioe1HklKzQC7pqJzcHm0ApWQJy5HMMWaRZS73AT16D/Vaip7D5uAEK9gqWWP2Sm9ovWn2BC3RaglmKzVyAo50A=="
    },
    "astn-tokenconsumer-api": {
      "version": "0.2.0",
      "resolved": "https://registry.npmjs.org/astn-tokenconsumer-api/-/astn-tokenconsumer-api-0.2.0.tgz",
      "integrity": "sha512-+E7F05pLlLXWUmIWE+IvUlTZMjN89SBDcrtihVDW5BbPGWNijiw/NkbkLiuzL8Pn5d4r4g1aFF9PlXZ+s96iSw=="
    },
    "astn-typedtreehandler-api": {
      "version": "0.6.0",
      "resolved": "https://registry.npmjs.org/astn-typedtreehandler-api/-/astn-typedtreehandler-api-0.6.0.tgz",
      "integrity": "sha512-leQjR2YWR+3KTlach4KU+ps8lrBJiI8lsOzvKwyAR6wr3UJjWfWgT1dkem0srYPYcdJbQtFU+IYz/6/lmWMP7A==",
      "requires": {
        "astn-handlers-api": "^0.2.1",
        "astn-parser-api": "^0.3.0",
        "pareto-lang-api": "^0.1.1",
        "pareto-runtime": "^0.22.0"
      },
      "dependencies": {
        "astn-handlers-api": {
          "version": "0.2.1",
          "resolved": "https://registry.npmjs.org/astn-handlers-api/-/astn-handlers-api-0.2.1.tgz",
          "integrity": "sha512-tCk1pR4u7D3bb66PvV0kRxbEDIGhZH6gO9LnKJJ8Qu/liLVxHA6CLW4+L0+9LX2Ou/gpwJkzQmAZSPt8C65ung==",
          "requires": {
            "astn-parser-api": "^0.3.0"
          }
        }
      }
    },
    "astn-unmarshall-api": {
      "version": "0.4.0",
      "resolved": "https://registry.npmjs.org/astn-unmarshall-api/-/astn-unmarshall-api-0.4.0.tgz",
      "integrity": "sha512-ii6VS40y0bg7cdeCU4Air2EVyaVsh7xYEFuRgMr0m7BBuTIB1rfVq2CohZT2N8kHbkSJKQhTQ5COwdwoleZC1w==",
      "requires": {
        "astn-handlers-api": "^0.2.1",
        "astn-typedtreehandler-api": "^0.6.0",
        "pareto-runtime": "^0.22.0"
      },
      "dependencies": {
        "astn-handlers-api": {
          "version": "0.2.1",
          "resolved": "https://registry.npmjs.org/astn-handlers-api/-/astn-handlers-api-0.2.1.tgz",
          "integrity": "sha512-tCk1pR4u7D3bb66PvV0kRxbEDIGhZH6gO9LnKJJ8Qu/liLVxHA6CLW4+L0+9LX2Ou/gpwJkzQmAZSPt8C65ung==",
          "requires": {
            "astn-parser-api": "^0.3.0"
          }
        }
      }
    },
    "pareto-lang-api": {
      "version": "0.1.1",
      "resolved": "https://registry.npmjs.org/pareto-lang-api/-/pareto-lang-api-0.1.1.tgz",
      "integrity": "sha512-tpUHFvbaPpdeGxCLgfOMPnA0Fm6+pOjgBjrIy1nOl8sDcIl+BFbJ7/3pT6e7H7g5Z4+dTdX7sUCoV+9LAvLERQ=="
    },
    "pareto-runtime": {
      "version": "0.22.0",
      "resolved": "https://registry.npmjs.org/pareto-runtime/-/pareto-runtime-0.22.0.tgz",
      "integrity": "sha512-v4T0pCv+ARIKntB7ZjKqqXBmLDbMzhrMFP4XODpF7DkELWJina/DAr/UVuMYwnz32QN7O9AHunsCVnHOOcKfHQ=="
    }
  }
}
