{
  "name": "astn-unmarshall-lib",
  "version": "0.4.2",
  "lockfileVersion": 2,
  "requires": true,
  "packages": {
    "": {
      "name": "astn-unmarshall-lib",
      "version": "0.4.2",
      "license": "ISC",
      "dependencies": {
        "astn-handlers-api": "^0.5.1",
        "astn-typedtreehandler-api": "^0.7.3",
        "astn-unmarshall-api": "^0.5.4",
        "pareto-runtime": "^0.22.0"
      }
    },
    "node_modules/astn-handlers-api": {
      "version": "0.5.1",
      "resolved": "https://registry.npmjs.org/astn-handlers-api/-/astn-handlers-api-0.5.1.tgz",
      "integrity": "sha512-oVyUEedzNq/IH6q7M9y0A9yjc3f+5njkVi121n6ibelBXLwGWDO8HM4VVUDzzam3tZ85pPM/lZj2/m4fecAv7A==",
      "dependencies": {
        "astn-tokenconsumer-api": "^0.3.2"
      }
    },
    "node_modules/astn-tokenconsumer-api": {
      "version": "0.3.2",
      "resolved": "https://registry.npmjs.org/astn-tokenconsumer-api/-/astn-tokenconsumer-api-0.3.2.tgz",
      "integrity": "sha512-maI9m6JtU7OUy54LDqAQ/vNC/+TjCiFTv26cQvC5/mBnfA1qkp+FzS6EpcWLMpdVQwK7uHREYMjN+Kzw/5grVQ=="
    },
    "node_modules/astn-typedtreehandler-api": {
      "version": "0.7.3",
      "resolved": "https://registry.npmjs.org/astn-typedtreehandler-api/-/astn-typedtreehandler-api-0.7.3.tgz",
      "integrity": "sha512-x1cOH3rxdEUnWBT4OWp3kNnOcg39XUvAZlmIZBBKaVfnRS70aW7MmhT+x/V+xOKMbNwO9RdovihCTCuAlY1pLg==",
      "dependencies": {
        "astn-handlers-api": "^0.5.1",
        "pareto-lang-api": "^0.1.1"
      }
    },
    "node_modules/astn-unmarshall-api": {
      "version": "0.5.4",
      "resolved": "https://registry.npmjs.org/astn-unmarshall-api/-/astn-unmarshall-api-0.5.4.tgz",
      "integrity": "sha512-wY2ms6N2fElEnI7K4RThMRy8lLGxYq6BuJkY05exg9BmakHKJ8FjEcBUuTNhaeXvDMfs2TiCpyW+8Fb6mDiQWg==",
      "dependencies": {
        "astn-handlers-api": "^0.5.1",
        "astn-typedtreehandler-api": "^0.7.3"
      }
    },
    "node_modules/pareto-lang-api": {
      "version": "0.1.1",
      "resolved": "https://registry.npmjs.org/pareto-lang-api/-/pareto-lang-api-0.1.1.tgz",
      "integrity": "sha512-tpUHFvbaPpdeGxCLgfOMPnA0Fm6+pOjgBjrIy1nOl8sDcIl+BFbJ7/3pT6e7H7g5Z4+dTdX7sUCoV+9LAvLERQ=="
    },
    "node_modules/pareto-runtime": {
      "version": "0.22.0",
      "resolved": "https://registry.npmjs.org/pareto-runtime/-/pareto-runtime-0.22.0.tgz",
      "integrity": "sha512-v4T0pCv+ARIKntB7ZjKqqXBmLDbMzhrMFP4XODpF7DkELWJina/DAr/UVuMYwnz32QN7O9AHunsCVnHOOcKfHQ=="
    }
  },
  "dependencies": {
    "astn-handlers-api": {
      "version": "0.5.1",
      "resolved": "https://registry.npmjs.org/astn-handlers-api/-/astn-handlers-api-0.5.1.tgz",
      "integrity": "sha512-oVyUEedzNq/IH6q7M9y0A9yjc3f+5njkVi121n6ibelBXLwGWDO8HM4VVUDzzam3tZ85pPM/lZj2/m4fecAv7A==",
      "requires": {
        "astn-tokenconsumer-api": "^0.3.2"
      }
    },
    "astn-tokenconsumer-api": {
      "version": "0.3.2",
      "resolved": "https://registry.npmjs.org/astn-tokenconsumer-api/-/astn-tokenconsumer-api-0.3.2.tgz",
      "integrity": "sha512-maI9m6JtU7OUy54LDqAQ/vNC/+TjCiFTv26cQvC5/mBnfA1qkp+FzS6EpcWLMpdVQwK7uHREYMjN+Kzw/5grVQ=="
    },
    "astn-typedtreehandler-api": {
      "version": "0.7.3",
      "resolved": "https://registry.npmjs.org/astn-typedtreehandler-api/-/astn-typedtreehandler-api-0.7.3.tgz",
      "integrity": "sha512-x1cOH3rxdEUnWBT4OWp3kNnOcg39XUvAZlmIZBBKaVfnRS70aW7MmhT+x/V+xOKMbNwO9RdovihCTCuAlY1pLg==",
      "requires": {
        "astn-handlers-api": "^0.5.1",
        "pareto-lang-api": "^0.1.1"
      }
    },
    "astn-unmarshall-api": {
      "version": "0.5.4",
      "resolved": "https://registry.npmjs.org/astn-unmarshall-api/-/astn-unmarshall-api-0.5.4.tgz",
      "integrity": "sha512-wY2ms6N2fElEnI7K4RThMRy8lLGxYq6BuJkY05exg9BmakHKJ8FjEcBUuTNhaeXvDMfs2TiCpyW+8Fb6mDiQWg==",
      "requires": {
        "astn-handlers-api": "^0.5.1",
        "astn-typedtreehandler-api": "^0.7.3"
      }
    },
    "pareto-lang-api": {
      "version": "0.1.1",
      "resolved": "https://registry.npmjs.org/pareto-lang-api/-/pareto-lang-api-0.1.1.tgz",
      "integrity": "sha512-tpUHFvbaPpdeGxCLgfOMPnA0Fm6+pOjgBjrIy1nOl8sDcIl+BFbJ7/3pT6e7H7g5Z4+dTdX7sUCoV+9LAvLERQ=="
    },
    "pareto-runtime": {
      "version": "0.22.0",
      "resolved": "https://registry.npmjs.org/pareto-runtime/-/pareto-runtime-0.22.0.tgz",
      "integrity": "sha512-v4T0pCv+ARIKntB7ZjKqqXBmLDbMzhrMFP4XODpF7DkELWJina/DAr/UVuMYwnz32QN7O9AHunsCVnHOOcKfHQ=="
    }
  }
}
