{
  "name": "astn-unmarshall-api",
  "version": "0.5.0",
  "lockfileVersion": 2,
  "requires": true,
  "packages": {
    "": {
      "name": "astn-unmarshall-api",
      "version": "0.5.0",
      "license": "ISC",
      "dependencies": {
        "astn-handlers-api": "^0.4.0",
        "astn-typedtreehandler-api": "^0.7.0",
        "pareto-runtime": "^0.22.0"
      }
    },
    "node_modules/astn-handlers-api": {
      "version": "0.4.0",
      "resolved": "https://registry.npmjs.org/astn-handlers-api/-/astn-handlers-api-0.4.0.tgz",
      "integrity": "sha512-oe0Q34hNMm3l311UmgpV7YvdFMDKxq3ToTHcORZtHBx3hc1N2DmBwBu9H/+IxHaEGP0yNnrLqf0Yb4LkTna+ng==",
      "dependencies": {
        "astn-tokenconsumer-api": "^0.2.0"
      }
    },
    "node_modules/astn-tokenconsumer-api": {
      "version": "0.2.0",
      "resolved": "https://registry.npmjs.org/astn-tokenconsumer-api/-/astn-tokenconsumer-api-0.2.0.tgz",
      "integrity": "sha512-+E7F05pLlLXWUmIWE+IvUlTZMjN89SBDcrtihVDW5BbPGWNijiw/NkbkLiuzL8Pn5d4r4g1aFF9PlXZ+s96iSw=="
    },
    "node_modules/astn-typedtreehandler-api": {
      "version": "0.7.0",
      "resolved": "https://registry.npmjs.org/astn-typedtreehandler-api/-/astn-typedtreehandler-api-0.7.0.tgz",
      "integrity": "sha512-Y4ZHw+7zMAznB9G/kJi/zt9Z+ugTSAa2S+WJv65PVnpdFM839ktf5Tl3hU1TVacnUe0+JjS35UidtCsEIPirvQ==",
      "dependencies": {
        "astn-handlers-api": "^0.4.0",
        "pareto-lang-api": "^0.1.1",
        "pareto-runtime": "^0.22.0"
      }
    },
    "node_modules/pareto-lang-api": {
      "version": "0.1.1",
      "resolved": "https://registry.npmjs.org/pareto-lang-api/-/pareto-lang-api-0.1.1.tgz",
      "integrity": "sha512-tpUHFvbaPpdeGxCLgfOMPnA0Fm6+pOjgBjrIy1nOl8sDcIl+BFbJ7/3pT6e7H7g5Z4+dTdX7sUCoV+9LAvLERQ=="
    },
    "node_modules/pareto-runtime": {
      "version": "0.22.0",
      "resolved": "https://registry.npmjs.org/pareto-runtime/-/pareto-runtime-0.22.0.tgz",
      "integrity": "sha512-v4T0pCv+ARIKntB7ZjKqqXBmLDbMzhrMFP4XODpF7DkELWJina/DAr/UVuMYwnz32QN7O9AHunsCVnHOOcKfHQ=="
    }
  },
  "dependencies": {
    "astn-handlers-api": {
      "version": "0.4.0",
      "resolved": "https://registry.npmjs.org/astn-handlers-api/-/astn-handlers-api-0.4.0.tgz",
      "integrity": "sha512-oe0Q34hNMm3l311UmgpV7YvdFMDKxq3ToTHcORZtHBx3hc1N2DmBwBu9H/+IxHaEGP0yNnrLqf0Yb4LkTna+ng==",
      "requires": {
        "astn-tokenconsumer-api": "^0.2.0"
      }
    },
    "astn-tokenconsumer-api": {
      "version": "0.2.0",
      "resolved": "https://registry.npmjs.org/astn-tokenconsumer-api/-/astn-tokenconsumer-api-0.2.0.tgz",
      "integrity": "sha512-+E7F05pLlLXWUmIWE+IvUlTZMjN89SBDcrtihVDW5BbPGWNijiw/NkbkLiuzL8Pn5d4r4g1aFF9PlXZ+s96iSw=="
    },
    "astn-typedtreehandler-api": {
      "version": "0.7.0",
      "resolved": "https://registry.npmjs.org/astn-typedtreehandler-api/-/astn-typedtreehandler-api-0.7.0.tgz",
      "integrity": "sha512-Y4ZHw+7zMAznB9G/kJi/zt9Z+ugTSAa2S+WJv65PVnpdFM839ktf5Tl3hU1TVacnUe0+JjS35UidtCsEIPirvQ==",
      "requires": {
        "astn-handlers-api": "^0.4.0",
        "pareto-lang-api": "^0.1.1",
        "pareto-runtime": "^0.22.0"
      }
    },
    "pareto-lang-api": {
      "version": "0.1.1",
      "resolved": "https://registry.npmjs.org/pareto-lang-api/-/pareto-lang-api-0.1.1.tgz",
      "integrity": "sha512-tpUHFvbaPpdeGxCLgfOMPnA0Fm6+pOjgBjrIy1nOl8sDcIl+BFbJ7/3pT6e7H7g5Z4+dTdX7sUCoV+9LAvLERQ=="
    },
    "pareto-runtime": {
      "version": "0.22.0",
      "resolved": "https://registry.npmjs.org/pareto-runtime/-/pareto-runtime-0.22.0.tgz",
      "integrity": "sha512-v4T0pCv+ARIKntB7ZjKqqXBmLDbMzhrMFP4XODpF7DkELWJina/DAr/UVuMYwnz32QN7O9AHunsCVnHOOcKfHQ=="
    }
  }
}
